{
  "name": "city-selector-demo",
  "version": "1.0.0",
  "lockfileVersion": 1,
  "requires": true,
  "dependencies": {
    "lc-city-selector": {
      "version": "1.0.10",
      "resolved": "http://registry.npm.taobao.org/lc-city-selector/download/lc-city-selector-1.0.10.tgz",
      "integrity": "sha1-tA2vyshKuaABFai3o3BAkshX5NI="
    }
  }
}
